# This file is auto-generated from Ignite.
# DO NOT EDIT
#
# buf.lock
#
version: v1
deps:
  - remote: buf.build
    owner: cosmos
    repository: cosmos-proto
    commit: 04467658e59e44bbb22fe568206e1f70
  - remote: buf.build
    owner: cosmos
    repository: cosmos-sdk
    commit: 05419252bcc241ea8023acf1ed4cadc5
  - remote: buf.build
    owner: cosmos
    repository: gogo-proto
    commit: 88ef6483f90f478fb938c37dde52ece3
  - remote: buf.build
    owner: cosmos
    repository: ics23
    commit: a9ee7c290ef34ee69d3f141b9b44dcee
  - remote: buf.build
    owner: googleapis
    repository: googleapis
    commit: 09703837a2ed48dbbbb3fdfbe6a84f5c
  - remote: buf.build
    owner: protocolbuffers
    repository: wellknowntypes
    commit: 3186086b2a8e44d9acdeeef2423c5de7
